
Microsoft Visual Studio Solution File, Format Version 12.00
# Visual Studio Version 16
VisualStudioVersion = 16.0.31410.357
MinimumVisualStudioVersion = 10.0.40219.1
Project("{FAE04EC0-301F-11D3-BF4B-00C04F79EFBC}") = "HeroesVSMonsters", "HeroesVSMonsters\HeroesVSMonsters.csproj", "{99D56C48-F204-4C62-AA0E-3B370172013A}"
EndProject
Project("{FAE04EC0-301F-11D3-BF4B-00C04F79EFBC}") = "HeroesVSMonsters.ConsoleApp", "HeroesVSMonsters.ConsoleApp\HeroesVSMonsters.ConsoleApp.csproj", "{679E4BDC-7AFB-4D41-BD74-32F94B229429}"
EndProject
Global
	GlobalSection(SolutionConfigurationPlatforms) = preSolution
		Debug|Any CPU = Debug|Any CPU
		Release|Any CPU = Release|Any CPU
	EndGlobalSection
	GlobalSection(ProjectConfigurationPlatforms) = postSolution
		{99D56C48-F204-4C62-AA0E-3B370172013A}.Debug|Any CPU.ActiveCfg = Debug|Any CPU
		{99D56C48-F204-4C62-AA0E-3B370172013A}.Debug|Any CPU.Build.0 = Debug|Any CPU
		{99D56C48-F204-4C62-AA0E-3B370172013A}.Release|Any CPU.ActiveCfg = Release|Any CPU
		{99D56C48-F204-4C62-AA0E-3B370172013A}.Release|Any CPU.Build.0 = Release|Any CPU
		{679E4BDC-7AFB-4D41-BD74-32F94B229429}.Debug|Any CPU.ActiveCfg = Debug|Any CPU
		{679E4BDC-7AFB-4D41-BD74-32F94B229429}.Debug|Any CPU.Build.0 = Debug|Any CPU
		{679E4BDC-7AFB-4D41-BD74-32F94B229429}.Release|Any CPU.ActiveCfg = Release|Any CPU
		{679E4BDC-7AFB-4D41-BD74-32F94B229429}.Release|Any CPU.Build.0 = Release|Any CPU
	EndGlobalSection
	GlobalSection(SolutionProperties) = preSolution
		HideSolutionNode = FALSE
	EndGlobalSection
	GlobalSection(ExtensibilityGlobals) = postSolution
		SolutionGuid = {558C2E24-50D9-4175-BD56-AEBC36EC68C6}
	EndGlobalSection
EndGlobal
